{
  "name": "konform",
  "version": "1.0.0",
  "lockfileVersion": 1,
  "requires": true,
  "dependencies": {
    "kotlin": {
      "version": "1.3.31",
      "resolved": "https://registry.npmjs.org/kotlin/-/kotlin-1.3.31.tgz",
      "integrity": "sha512-rbA6yS8kHSLhgCNP9zJKtTUC2almdzzkVmzhxqH+P38af1JomfdWlHMaJ5Jh1tPnb136dPPY0z1fmhluYqEdWg=="
    },
    "rx": {
      "version": "4.1.0",
      "resolved": "https://registry.npmjs.org/rx/-/rx-4.1.0.tgz",
      "integrity": "sha1-pfE/957zt0D+MKqAP7CfmIBdR4I="
    }
  }
}
